
Microsoft Visual Studio Solution File, Format Version 12.00
# Visual Studio 15
VisualStudioVersion = 15.0.27004.2008
MinimumVisualStudioVersion = 10.0.40219.1
Project("{FAE04EC0-301F-11D3-BF4B-00C04F79EFBC}") = "CodeDay 2017_GUI_01", "CodeDay 2017_GUI\CodeDay 2017_GUI_01.csproj", "{0C4A9B8F-EC15-4B04-8231-36D3BC830F2A}"
EndProject
Project("{FAE04EC0-301F-11D3-BF4B-00C04F79EFBC}") = "CodeDay 2017_GUI_02", "WindowsFormsApp1\CodeDay 2017_GUI_02.csproj", "{BB821604-3BE0-4652-8740-6F5BA4950AC8}"
EndProject
Global
	GlobalSection(SolutionConfigurationPlatforms) = preSolution
		Debug|Any CPU = Debug|Any CPU
		Release|Any CPU = Release|Any CPU
	EndGlobalSection
	GlobalSection(ProjectConfigurationPlatforms) = postSolution
		{0C4A9B8F-EC15-4B04-8231-36D3BC830F2A}.Debug|Any CPU.ActiveCfg = Debug|Any CPU
		{0C4A9B8F-EC15-4B04-8231-36D3BC830F2A}.Debug|Any CPU.Build.0 = Debug|Any CPU
		{0C4A9B8F-EC15-4B04-8231-36D3BC830F2A}.Release|Any CPU.ActiveCfg = Release|Any CPU
		{0C4A9B8F-EC15-4B04-8231-36D3BC830F2A}.Release|Any CPU.Build.0 = Release|Any CPU
		{BB821604-3BE0-4652-8740-6F5BA4950AC8}.Debug|Any CPU.ActiveCfg = Debug|Any CPU
		{BB821604-3BE0-4652-8740-6F5BA4950AC8}.Debug|Any CPU.Build.0 = Debug|Any CPU
		{BB821604-3BE0-4652-8740-6F5BA4950AC8}.Release|Any CPU.ActiveCfg = Release|Any CPU
		{BB821604-3BE0-4652-8740-6F5BA4950AC8}.Release|Any CPU.Build.0 = Release|Any CPU
	EndGlobalSection
	GlobalSection(SolutionProperties) = preSolution
		HideSolutionNode = FALSE
	EndGlobalSection
	GlobalSection(ExtensibilityGlobals) = postSolution
		SolutionGuid = {B613CE40-F180-4CEC-B89C-F4B06165D5C7}
	EndGlobalSection
EndGlobal
